{
  "pins" : [
    {
      "identity" : "expandabletext",
      "kind" : "remoteSourceControl",
      "location" : "https://github.com/NuPlay/ExpandableText",
      "state" : {
        "revision" : "d140b404c6683bb169bb01ef4eeecdb6d9be8fb8",
        "version" : "1.2.0"
      }
    }
  ],
  "version" : 2
}
